
Microsoft Visual Studio Solution File, Format Version 12.00
# Visual Studio 15
VisualStudioVersion = 15.0.28307.1082
MinimumVisualStudioVersion = 10.0.40219.1
Project("{FAE04EC0-301F-11D3-BF4B-00C04F79EFBC}") = "NUnitTargetProject", "NUnitTargetProject\NUnitTargetProject.csproj", "{E15E94A3-0066-459C-A011-5D8BFAF22DAC}"
EndProject
Project("{FAE04EC0-301F-11D3-BF4B-00C04F79EFBC}") = "NUnitProject", "NUnitProject\NUnitProject.csproj", "{E94646BD-ABCB-439C-A199-461BD8CE27EF}"
EndProject
Global
	GlobalSection(SolutionConfigurationPlatforms) = preSolution
		Debug|Any CPU = Debug|Any CPU
		Release|Any CPU = Release|Any CPU
	EndGlobalSection
	GlobalSection(ProjectConfigurationPlatforms) = postSolution
		{E15E94A3-0066-459C-A011-5D8BFAF22DAC}.Debug|Any CPU.ActiveCfg = Debug|Any CPU
		{E15E94A3-0066-459C-A011-5D8BFAF22DAC}.Debug|Any CPU.Build.0 = Debug|Any CPU
		{E15E94A3-0066-459C-A011-5D8BFAF22DAC}.Release|Any CPU.ActiveCfg = Release|Any CPU
		{E15E94A3-0066-459C-A011-5D8BFAF22DAC}.Release|Any CPU.Build.0 = Release|Any CPU
		{E94646BD-ABCB-439C-A199-461BD8CE27EF}.Debug|Any CPU.ActiveCfg = Debug|Any CPU
		{E94646BD-ABCB-439C-A199-461BD8CE27EF}.Debug|Any CPU.Build.0 = Debug|Any CPU
		{E94646BD-ABCB-439C-A199-461BD8CE27EF}.Release|Any CPU.ActiveCfg = Release|Any CPU
		{E94646BD-ABCB-439C-A199-461BD8CE27EF}.Release|Any CPU.Build.0 = Release|Any CPU
	EndGlobalSection
	GlobalSection(SolutionProperties) = preSolution
		HideSolutionNode = FALSE
	EndGlobalSection
	GlobalSection(ExtensibilityGlobals) = postSolution
		SolutionGuid = {9E1B5FE5-0EE8-4AAB-A718-F0517331D814}
	EndGlobalSection
EndGlobal
